
Microsoft Visual Studio Solution File, Format Version 12.00
# Visual Studio Version 16
VisualStudioVersion = 16.0.30330.147
MinimumVisualStudioVersion = 10.0.40219.1
Project("{FAE04EC0-301F-11D3-BF4B-00C04F79EFBC}") = "MikeAreaMaintaince", "MikeAreaMaintaince.csproj", "{84ABADE0-8155-482D-9BA6-6FDF242E0811}"
EndProject
Global
	GlobalSection(SolutionConfigurationPlatforms) = preSolution
		Debug|Any CPU = Debug|Any CPU
		Release|Any CPU = Release|Any CPU
	EndGlobalSection
	GlobalSection(ProjectConfigurationPlatforms) = postSolution
		{84ABADE0-8155-482D-9BA6-6FDF242E0811}.Debug|Any CPU.ActiveCfg = Debug|Any CPU
		{84ABADE0-8155-482D-9BA6-6FDF242E0811}.Debug|Any CPU.Build.0 = Debug|Any CPU
		{84ABADE0-8155-482D-9BA6-6FDF242E0811}.Release|Any CPU.ActiveCfg = Release|Any CPU
		{84ABADE0-8155-482D-9BA6-6FDF242E0811}.Release|Any CPU.Build.0 = Release|Any CPU
	EndGlobalSection
	GlobalSection(SolutionProperties) = preSolution
		HideSolutionNode = FALSE
	EndGlobalSection
	GlobalSection(ExtensibilityGlobals) = postSolution
		SolutionGuid = {8D27EEAD-82DD-4861-8C76-CFACD04057DF}
	EndGlobalSection
EndGlobal
